
Microsoft Visual Studio Solution File, Format Version 12.00
# Visual Studio Version 17
VisualStudioVersion = 17.11.35327.3
MinimumVisualStudioVersion = 10.0.40219.1
Project("{FAE04EC0-301F-11D3-BF4B-00C04F79EFBC}") = "MoviesMvcCore", "MoviesMvcCore.csproj", "{975EC95C-5CC0-40D4-8547-D80D5FE9B391}"
EndProject
Global
	GlobalSection(SolutionConfigurationPlatforms) = preSolution
		Debug|Any CPU = Debug|Any CPU
		Release|Any CPU = Release|Any CPU
	EndGlobalSection
	GlobalSection(ProjectConfigurationPlatforms) = postSolution
		{975EC95C-5CC0-40D4-8547-D80D5FE9B391}.Debug|Any CPU.ActiveCfg = Debug|Any CPU
		{975EC95C-5CC0-40D4-8547-D80D5FE9B391}.Debug|Any CPU.Build.0 = Debug|Any CPU
		{975EC95C-5CC0-40D4-8547-D80D5FE9B391}.Release|Any CPU.ActiveCfg = Release|Any CPU
		{975EC95C-5CC0-40D4-8547-D80D5FE9B391}.Release|Any CPU.Build.0 = Release|Any CPU
	EndGlobalSection
	GlobalSection(SolutionProperties) = preSolution
		HideSolutionNode = FALSE
	EndGlobalSection
	GlobalSection(ExtensibilityGlobals) = postSolution
		SolutionGuid = {A6682BE8-E4BF-454A-B92D-73A229003650}
	EndGlobalSection
EndGlobal
